
Microsoft Visual Studio Solution File, Format Version 12.00
# Visual Studio Version 17
VisualStudioVersion = 17.0.32014.148
MinimumVisualStudioVersion = 10.0.40219.1
Project("{2150E333-8FDC-42A3-9474-1A3956D46DE8}") = "src", "src", "{10A2813D-C970-4F6F-9A59-94F7C972257F}"
EndProject
Project("{2150E333-8FDC-42A3-9474-1A3956D46DE8}") = "build", "build", "{C4C50D71-6AAC-45A9-9257-5D02A42B61DC}"
	ProjectSection(SolutionItems) = preProject
		build\version.json = build\version.json
	EndProjectSection
EndProject
Project("{2150E333-8FDC-42A3-9474-1A3956D46DE8}") = "common", "common", "{0390FA5C-0123-44B7-A7E9-794A9582CD41}"
	ProjectSection(SolutionItems) = preProject
		.editorconfig = .editorconfig
		.gitattributes = .gitattributes
		.gitignore = .gitignore
		build.cake = build.cake
		build.ps1 = build.ps1
		build.sh = build.sh
		Directory.Build.props = Directory.Build.props
		Directory.Build.targets = Directory.Build.targets
		Directory.Packages.props = Directory.Packages.props
		README.md = README.md
		THIRD-PARTY-NOTICES.md = THIRD-PARTY-NOTICES.md
	EndProjectSection
EndProject
Project("{2150E333-8FDC-42A3-9474-1A3956D46DE8}") = "test", "test", "{ADFADB4B-0729-40E6-B241-6E1B89A8731C}"
	ProjectSection(SolutionItems) = preProject
		test\Directory.Build.props = test\Directory.Build.props
	EndProjectSection
EndProject
Project("{2150E333-8FDC-42A3-9474-1A3956D46DE8}") = "samples", "samples", "{9EC81ADF-5CE2-4140-96BC-958CB9E0365C}"
	ProjectSection(SolutionItems) = preProject
		samples\Directory.Build.props = samples\Directory.Build.props
	EndProjectSection
EndProject
Project("{9A19103F-16F7-4668-BE54-9A1E7A4F7556}") = "NRuuviTag.Core", "src\NRuuviTag.Core\NRuuviTag.Core.csproj", "{73298459-442C-469E-967B-2A405634502F}"
EndProject
Project("{9A19103F-16F7-4668-BE54-9A1E7A4F7556}") = "ExampleWindowsSdkClient", "samples\ExampleWindowsSdkClient\ExampleWindowsSdkClient.csproj", "{4C140BF1-73DE-43DE-A2B9-8B50C02B232C}"
EndProject
Project("{9A19103F-16F7-4668-BE54-9A1E7A4F7556}") = "NRuuviTag.Core.Tests", "test\NRuuviTag.Core.Tests\NRuuviTag.Core.Tests.csproj", "{41B3B355-60CB-40FF-BC6C-E889D9ED5366}"
EndProject
Project("{9A19103F-16F7-4668-BE54-9A1E7A4F7556}") = "NRuuviTag.Mqtt.Tests", "test\NRuuviTag.Mqtt.Tests\NRuuviTag.Mqtt.Tests.csproj", "{D2388E6C-634A-4C1E-8ADC-C70144FBC95E}"
EndProject
Project("{9A19103F-16F7-4668-BE54-9A1E7A4F7556}") = "NRuuviTag.Mqtt.Agent", "src\NRuuviTag.Mqtt.Agent\NRuuviTag.Mqtt.Agent.csproj", "{9DA0E191-7122-4D99-873E-D65A8008FA63}"
EndProject
Project("{9A19103F-16F7-4668-BE54-9A1E7A4F7556}") = "NRuuviTag.Listener.Windows", "src\NRuuviTag.Listener.Windows\NRuuviTag.Listener.Windows.csproj", "{1C416DEC-3C02-4692-B337-A44D06478796}"
EndProject
Project("{9A19103F-16F7-4668-BE54-9A1E7A4F7556}") = "NRuuviTag.Cli", "src\NRuuviTag.Cli\NRuuviTag.Cli.csproj", "{E3335A57-337F-44E9-A972-BFD49C0BEE4E}"
EndProject
Project("{9A19103F-16F7-4668-BE54-9A1E7A4F7556}") = "NRuuviTag.Cli.Windows", "src\NRuuviTag.Cli.Windows\NRuuviTag.Cli.Windows.csproj", "{BDEB99CA-52F1-421D-8CFF-893D6A9F4F97}"
EndProject
Project("{9A19103F-16F7-4668-BE54-9A1E7A4F7556}") = "NRuuviTag.Listener.Linux", "src\NRuuviTag.Listener.Linux\NRuuviTag.Listener.Linux.csproj", "{5450FA92-6453-433C-8DC6-2D775DA188A3}"
EndProject
Project("{9A19103F-16F7-4668-BE54-9A1E7A4F7556}") = "NRuuviTag.Cli.Linux", "src\NRuuviTag.Cli.Linux\NRuuviTag.Cli.Linux.csproj", "{DB8F5EA9-C673-48B9-B1E4-1C867CF02D74}"
EndProject
Project("{9A19103F-16F7-4668-BE54-9A1E7A4F7556}") = "NRuuviTag.AzureEventHubs.Agent", "src\NRuuviTag.AzureEventHubs.Agent\NRuuviTag.AzureEventHubs.Agent.csproj", "{8463074C-230A-4754-9888-886AC52207DE}"
EndProject
Project("{2150E333-8FDC-42A3-9474-1A3956D46DE8}") = "docs", "docs", "{5EBF2BEB-FB94-4259-99D3-1D05633DBC16}"
	ProjectSection(SolutionItems) = preProject
		docs\LinuxSystemdService.md = docs\LinuxSystemdService.md
	EndProjectSection
EndProject
Project("{9A19103F-16F7-4668-BE54-9A1E7A4F7556}") = "DotNetBlueZ", "src\DotNet-BlueZ\src\DotNetBlueZ.csproj", "{FCF43828-04F2-4034-A9C9-638FF8F58FB7}"
EndProject
Global
	GlobalSection(SolutionConfigurationPlatforms) = preSolution
		Debug|Any CPU = Debug|Any CPU
		Release|Any CPU = Release|Any CPU
	EndGlobalSection
	GlobalSection(ProjectConfigurationPlatforms) = postSolution
		{73298459-442C-469E-967B-2A405634502F}.Debug|Any CPU.ActiveCfg = Debug|Any CPU
		{73298459-442C-469E-967B-2A405634502F}.Debug|Any CPU.Build.0 = Debug|Any CPU
		{73298459-442C-469E-967B-2A405634502F}.Release|Any CPU.ActiveCfg = Release|Any CPU
		{73298459-442C-469E-967B-2A405634502F}.Release|Any CPU.Build.0 = Release|Any CPU
		{4C140BF1-73DE-43DE-A2B9-8B50C02B232C}.Debug|Any CPU.ActiveCfg = Debug|Any CPU
		{4C140BF1-73DE-43DE-A2B9-8B50C02B232C}.Debug|Any CPU.Build.0 = Debug|Any CPU
		{4C140BF1-73DE-43DE-A2B9-8B50C02B232C}.Release|Any CPU.ActiveCfg = Release|Any CPU
		{4C140BF1-73DE-43DE-A2B9-8B50C02B232C}.Release|Any CPU.Build.0 = Release|Any CPU
		{41B3B355-60CB-40FF-BC6C-E889D9ED5366}.Debug|Any CPU.ActiveCfg = Debug|Any CPU
		{41B3B355-60CB-40FF-BC6C-E889D9ED5366}.Debug|Any CPU.Build.0 = Debug|Any CPU
		{41B3B355-60CB-40FF-BC6C-E889D9ED5366}.Release|Any CPU.ActiveCfg = Release|Any CPU
		{41B3B355-60CB-40FF-BC6C-E889D9ED5366}.Release|Any CPU.Build.0 = Release|Any CPU
		{D2388E6C-634A-4C1E-8ADC-C70144FBC95E}.Debug|Any CPU.ActiveCfg = Debug|Any CPU
		{D2388E6C-634A-4C1E-8ADC-C70144FBC95E}.Debug|Any CPU.Build.0 = Debug|Any CPU
		{D2388E6C-634A-4C1E-8ADC-C70144FBC95E}.Release|Any CPU.ActiveCfg = Release|Any CPU
		{D2388E6C-634A-4C1E-8ADC-C70144FBC95E}.Release|Any CPU.Build.0 = Release|Any CPU
		{9DA0E191-7122-4D99-873E-D65A8008FA63}.Debug|Any CPU.ActiveCfg = Debug|Any CPU
		{9DA0E191-7122-4D99-873E-D65A8008FA63}.Debug|Any CPU.Build.0 = Debug|Any CPU
		{9DA0E191-7122-4D99-873E-D65A8008FA63}.Release|Any CPU.ActiveCfg = Release|Any CPU
		{9DA0E191-7122-4D99-873E-D65A8008FA63}.Release|Any CPU.Build.0 = Release|Any CPU
		{1C416DEC-3C02-4692-B337-A44D06478796}.Debug|Any CPU.ActiveCfg = Debug|Any CPU
		{1C416DEC-3C02-4692-B337-A44D06478796}.Debug|Any CPU.Build.0 = Debug|Any CPU
		{1C416DEC-3C02-4692-B337-A44D06478796}.Release|Any CPU.ActiveCfg = Release|Any CPU
		{1C416DEC-3C02-4692-B337-A44D06478796}.Release|Any CPU.Build.0 = Release|Any CPU
		{E3335A57-337F-44E9-A972-BFD49C0BEE4E}.Debug|Any CPU.ActiveCfg = Debug|Any CPU
		{E3335A57-337F-44E9-A972-BFD49C0BEE4E}.Debug|Any CPU.Build.0 = Debug|Any CPU
		{E3335A57-337F-44E9-A972-BFD49C0BEE4E}.Release|Any CPU.ActiveCfg = Release|Any CPU
		{E3335A57-337F-44E9-A972-BFD49C0BEE4E}.Release|Any CPU.Build.0 = Release|Any CPU
		{BDEB99CA-52F1-421D-8CFF-893D6A9F4F97}.Debug|Any CPU.ActiveCfg = Debug|Any CPU
		{BDEB99CA-52F1-421D-8CFF-893D6A9F4F97}.Debug|Any CPU.Build.0 = Debug|Any CPU
		{BDEB99CA-52F1-421D-8CFF-893D6A9F4F97}.Release|Any CPU.ActiveCfg = Release|Any CPU
		{BDEB99CA-52F1-421D-8CFF-893D6A9F4F97}.Release|Any CPU.Build.0 = Release|Any CPU
		{5450FA92-6453-433C-8DC6-2D775DA188A3}.Debug|Any CPU.ActiveCfg = Debug|Any CPU
		{5450FA92-6453-433C-8DC6-2D775DA188A3}.Debug|Any CPU.Build.0 = Debug|Any CPU
		{5450FA92-6453-433C-8DC6-2D775DA188A3}.Release|Any CPU.ActiveCfg = Release|Any CPU
		{5450FA92-6453-433C-8DC6-2D775DA188A3}.Release|Any CPU.Build.0 = Release|Any CPU
		{DB8F5EA9-C673-48B9-B1E4-1C867CF02D74}.Debug|Any CPU.ActiveCfg = Debug|Any CPU
		{DB8F5EA9-C673-48B9-B1E4-1C867CF02D74}.Debug|Any CPU.Build.0 = Debug|Any CPU
		{DB8F5EA9-C673-48B9-B1E4-1C867CF02D74}.Release|Any CPU.ActiveCfg = Release|Any CPU
		{DB8F5EA9-C673-48B9-B1E4-1C867CF02D74}.Release|Any CPU.Build.0 = Release|Any CPU
		{8463074C-230A-4754-9888-886AC52207DE}.Debug|Any CPU.ActiveCfg = Debug|Any CPU
		{8463074C-230A-4754-9888-886AC52207DE}.Debug|Any CPU.Build.0 = Debug|Any CPU
		{8463074C-230A-4754-9888-886AC52207DE}.Release|Any CPU.ActiveCfg = Release|Any CPU
		{8463074C-230A-4754-9888-886AC52207DE}.Release|Any CPU.Build.0 = Release|Any CPU
		{FCF43828-04F2-4034-A9C9-638FF8F58FB7}.Debug|Any CPU.ActiveCfg = Debug|Any CPU
		{FCF43828-04F2-4034-A9C9-638FF8F58FB7}.Debug|Any CPU.Build.0 = Debug|Any CPU
		{FCF43828-04F2-4034-A9C9-638FF8F58FB7}.Release|Any CPU.ActiveCfg = Release|Any CPU
		{FCF43828-04F2-4034-A9C9-638FF8F58FB7}.Release|Any CPU.Build.0 = Release|Any CPU
	EndGlobalSection
	GlobalSection(SolutionProperties) = preSolution
		HideSolutionNode = FALSE
	EndGlobalSection
	GlobalSection(NestedProjects) = preSolution
		{73298459-442C-469E-967B-2A405634502F} = {10A2813D-C970-4F6F-9A59-94F7C972257F}
		{4C140BF1-73DE-43DE-A2B9-8B50C02B232C} = {9EC81ADF-5CE2-4140-96BC-958CB9E0365C}
		{41B3B355-60CB-40FF-BC6C-E889D9ED5366} = {ADFADB4B-0729-40E6-B241-6E1B89A8731C}
		{D2388E6C-634A-4C1E-8ADC-C70144FBC95E} = {ADFADB4B-0729-40E6-B241-6E1B89A8731C}
		{9DA0E191-7122-4D99-873E-D65A8008FA63} = {10A2813D-C970-4F6F-9A59-94F7C972257F}
		{1C416DEC-3C02-4692-B337-A44D06478796} = {10A2813D-C970-4F6F-9A59-94F7C972257F}
		{E3335A57-337F-44E9-A972-BFD49C0BEE4E} = {10A2813D-C970-4F6F-9A59-94F7C972257F}
		{BDEB99CA-52F1-421D-8CFF-893D6A9F4F97} = {10A2813D-C970-4F6F-9A59-94F7C972257F}
		{5450FA92-6453-433C-8DC6-2D775DA188A3} = {10A2813D-C970-4F6F-9A59-94F7C972257F}
		{DB8F5EA9-C673-48B9-B1E4-1C867CF02D74} = {10A2813D-C970-4F6F-9A59-94F7C972257F}
		{8463074C-230A-4754-9888-886AC52207DE} = {10A2813D-C970-4F6F-9A59-94F7C972257F}
		{FCF43828-04F2-4034-A9C9-638FF8F58FB7} = {10A2813D-C970-4F6F-9A59-94F7C972257F}
	EndGlobalSection
	GlobalSection(ExtensibilityGlobals) = postSolution
		SolutionGuid = {94DF2EE3-033D-46CD-9EC3-7BC808B13372}
	EndGlobalSection
EndGlobal
