
Microsoft Visual Studio Solution File, Format Version 12.00
# Visual Studio Version 16
VisualStudioVersion = 16.0.29326.143
MinimumVisualStudioVersion = 10.0.40219.1
Project("{2150E333-8FDC-42A3-9474-1A3956D46DE8}") = "src", "src", "{10A2813D-C970-4F6F-9A59-94F7C972257F}"
EndProject
Project("{2150E333-8FDC-42A3-9474-1A3956D46DE8}") = "build", "build", "{C4C50D71-6AAC-45A9-9257-5D02A42B61DC}"
	ProjectSection(SolutionItems) = preProject
		build\build-state.cake = build\build-state.cake
		build\build-utilities.cake = build\build-utilities.cake
		build\Dependencies.props = build\Dependencies.props
		build\NetFX.targets = build\NetFX.targets
		build\README.md = build\README.md
		build\version.json = build\version.json
	EndProjectSection
EndProject
Project("{2150E333-8FDC-42A3-9474-1A3956D46DE8}") = "common", "common", "{0390FA5C-0123-44B7-A7E9-794A9582CD41}"
	ProjectSection(SolutionItems) = preProject
		.editorconfig = .editorconfig
		.gitattributes = .gitattributes
		.gitignore = .gitignore
		build.cake = build.cake
		build.ps1 = build.ps1
		Directory.Build.props = Directory.Build.props
		Directory.Build.targets = Directory.Build.targets
		README.md = README.md
	EndProjectSection
EndProject
Project("{2150E333-8FDC-42A3-9474-1A3956D46DE8}") = "test", "test", "{ADFADB4B-0729-40E6-B241-6E1B89A8731C}"
	ProjectSection(SolutionItems) = preProject
		test\Directory.Build.props = test\Directory.Build.props
	EndProjectSection
EndProject
Project("{2150E333-8FDC-42A3-9474-1A3956D46DE8}") = "samples", "samples", "{9EC81ADF-5CE2-4140-96BC-958CB9E0365C}"
	ProjectSection(SolutionItems) = preProject
		samples\Directory.Build.props = samples\Directory.Build.props
	EndProjectSection
EndProject
Project("{9A19103F-16F7-4668-BE54-9A1E7A4F7556}") = "NRuuviTag.Core", "src\NRuuviTag.Core\NRuuviTag.Core.csproj", "{73298459-442C-469E-967B-2A405634502F}"
EndProject
Project("{9A19103F-16F7-4668-BE54-9A1E7A4F7556}") = "NRuuviTag.Client.Windows", "src\NRuuviTag.Client.Windows\NRuuviTag.Client.Windows.csproj", "{F4458E9C-3212-47CF-B22F-9B0A54571DC2}"
EndProject
Project("{9A19103F-16F7-4668-BE54-9A1E7A4F7556}") = "ExampleWindowsSdkClient", "samples\ExampleWindowsSdkClient\ExampleWindowsSdkClient.csproj", "{4C140BF1-73DE-43DE-A2B9-8B50C02B232C}"
EndProject
Project("{9A19103F-16F7-4668-BE54-9A1E7A4F7556}") = "NRuuviTag.Core.Tests", "test\NRuuviTag.Core.Tests\NRuuviTag.Core.Tests.csproj", "{41B3B355-60CB-40FF-BC6C-E889D9ED5366}"
EndProject
Project("{FAE04EC0-301F-11D3-BF4B-00C04F79EFBC}") = "NRuuviTag.Mqtt", "src\NRuuviTag.Mqtt\NRuuviTag.Mqtt.csproj", "{E4BFD3C0-5E16-4C89-8552-0EAE1046FACB}"
EndProject
Global
	GlobalSection(SolutionConfigurationPlatforms) = preSolution
		Debug|Any CPU = Debug|Any CPU
		Release|Any CPU = Release|Any CPU
	EndGlobalSection
	GlobalSection(ProjectConfigurationPlatforms) = postSolution
		{73298459-442C-469E-967B-2A405634502F}.Debug|Any CPU.ActiveCfg = Debug|Any CPU
		{73298459-442C-469E-967B-2A405634502F}.Debug|Any CPU.Build.0 = Debug|Any CPU
		{73298459-442C-469E-967B-2A405634502F}.Release|Any CPU.ActiveCfg = Release|Any CPU
		{73298459-442C-469E-967B-2A405634502F}.Release|Any CPU.Build.0 = Release|Any CPU
		{F4458E9C-3212-47CF-B22F-9B0A54571DC2}.Debug|Any CPU.ActiveCfg = Debug|Any CPU
		{F4458E9C-3212-47CF-B22F-9B0A54571DC2}.Debug|Any CPU.Build.0 = Debug|Any CPU
		{F4458E9C-3212-47CF-B22F-9B0A54571DC2}.Release|Any CPU.ActiveCfg = Release|Any CPU
		{F4458E9C-3212-47CF-B22F-9B0A54571DC2}.Release|Any CPU.Build.0 = Release|Any CPU
		{4C140BF1-73DE-43DE-A2B9-8B50C02B232C}.Debug|Any CPU.ActiveCfg = Debug|Any CPU
		{4C140BF1-73DE-43DE-A2B9-8B50C02B232C}.Debug|Any CPU.Build.0 = Debug|Any CPU
		{4C140BF1-73DE-43DE-A2B9-8B50C02B232C}.Release|Any CPU.ActiveCfg = Release|Any CPU
		{4C140BF1-73DE-43DE-A2B9-8B50C02B232C}.Release|Any CPU.Build.0 = Release|Any CPU
		{41B3B355-60CB-40FF-BC6C-E889D9ED5366}.Debug|Any CPU.ActiveCfg = Debug|Any CPU
		{41B3B355-60CB-40FF-BC6C-E889D9ED5366}.Debug|Any CPU.Build.0 = Debug|Any CPU
		{41B3B355-60CB-40FF-BC6C-E889D9ED5366}.Release|Any CPU.ActiveCfg = Release|Any CPU
		{41B3B355-60CB-40FF-BC6C-E889D9ED5366}.Release|Any CPU.Build.0 = Release|Any CPU
		{E4BFD3C0-5E16-4C89-8552-0EAE1046FACB}.Debug|Any CPU.ActiveCfg = Debug|Any CPU
		{E4BFD3C0-5E16-4C89-8552-0EAE1046FACB}.Debug|Any CPU.Build.0 = Debug|Any CPU
		{E4BFD3C0-5E16-4C89-8552-0EAE1046FACB}.Release|Any CPU.ActiveCfg = Release|Any CPU
		{E4BFD3C0-5E16-4C89-8552-0EAE1046FACB}.Release|Any CPU.Build.0 = Release|Any CPU
	EndGlobalSection
	GlobalSection(SolutionProperties) = preSolution
		HideSolutionNode = FALSE
	EndGlobalSection
	GlobalSection(NestedProjects) = preSolution
		{73298459-442C-469E-967B-2A405634502F} = {10A2813D-C970-4F6F-9A59-94F7C972257F}
		{F4458E9C-3212-47CF-B22F-9B0A54571DC2} = {10A2813D-C970-4F6F-9A59-94F7C972257F}
		{4C140BF1-73DE-43DE-A2B9-8B50C02B232C} = {9EC81ADF-5CE2-4140-96BC-958CB9E0365C}
		{41B3B355-60CB-40FF-BC6C-E889D9ED5366} = {ADFADB4B-0729-40E6-B241-6E1B89A8731C}
		{E4BFD3C0-5E16-4C89-8552-0EAE1046FACB} = {10A2813D-C970-4F6F-9A59-94F7C972257F}
	EndGlobalSection
	GlobalSection(ExtensibilityGlobals) = postSolution
		SolutionGuid = {94DF2EE3-033D-46CD-9EC3-7BC808B13372}
	EndGlobalSection
EndGlobal
