
Microsoft Visual Studio Solution File, Format Version 12.00
# Visual Studio Version 16
VisualStudioVersion = 16.0.29326.143
MinimumVisualStudioVersion = 10.0.40219.1
Project("{2150E333-8FDC-42A3-9474-1A3956D46DE8}") = "src", "src", "{10A2813D-C970-4F6F-9A59-94F7C972257F}"
EndProject
Project("{2150E333-8FDC-42A3-9474-1A3956D46DE8}") = "build", "build", "{C4C50D71-6AAC-45A9-9257-5D02A42B61DC}"
	ProjectSection(SolutionItems) = preProject
		build\build-state.cake = build\build-state.cake
		build\build-utilities.cake = build\build-utilities.cake
		build\Dependencies.props = build\Dependencies.props
		build\NetFX.targets = build\NetFX.targets
		build\README.md = build\README.md
		build\version.json = build\version.json
	EndProjectSection
EndProject
Project("{2150E333-8FDC-42A3-9474-1A3956D46DE8}") = "common", "common", "{0390FA5C-0123-44B7-A7E9-794A9582CD41}"
	ProjectSection(SolutionItems) = preProject
		.editorconfig = .editorconfig
		.gitattributes = .gitattributes
		.gitignore = .gitignore
		build.cake = build.cake
		build.ps1 = build.ps1
		Directory.Build.props = Directory.Build.props
		Directory.Build.targets = Directory.Build.targets
		README.md = README.md
	EndProjectSection
EndProject
Project("{2150E333-8FDC-42A3-9474-1A3956D46DE8}") = "test", "test", "{ADFADB4B-0729-40E6-B241-6E1B89A8731C}"
	ProjectSection(SolutionItems) = preProject
		test\Directory.Build.props = test\Directory.Build.props
	EndProjectSection
EndProject
Project("{2150E333-8FDC-42A3-9474-1A3956D46DE8}") = "samples", "samples", "{9EC81ADF-5CE2-4140-96BC-958CB9E0365C}"
	ProjectSection(SolutionItems) = preProject
		samples\Directory.Build.props = samples\Directory.Build.props
	EndProjectSection
EndProject
Project("{9A19103F-16F7-4668-BE54-9A1E7A4F7556}") = "NRuuviTag.Core", "src\NRuuviTag.Core\NRuuviTag.Core.csproj", "{73298459-442C-469E-967B-2A405634502F}"
EndProject
Project("{9A19103F-16F7-4668-BE54-9A1E7A4F7556}") = "ExampleWindowsSdkClient", "samples\ExampleWindowsSdkClient\ExampleWindowsSdkClient.csproj", "{4C140BF1-73DE-43DE-A2B9-8B50C02B232C}"
EndProject
Project("{9A19103F-16F7-4668-BE54-9A1E7A4F7556}") = "NRuuviTag.Core.Tests", "test\NRuuviTag.Core.Tests\NRuuviTag.Core.Tests.csproj", "{41B3B355-60CB-40FF-BC6C-E889D9ED5366}"
EndProject
Project("{9A19103F-16F7-4668-BE54-9A1E7A4F7556}") = "NRuuviTag.Mqtt.Tests", "test\NRuuviTag.Mqtt.Tests\NRuuviTag.Mqtt.Tests.csproj", "{D2388E6C-634A-4C1E-8ADC-C70144FBC95E}"
EndProject
Project("{9A19103F-16F7-4668-BE54-9A1E7A4F7556}") = "NRuuviTag.Mqtt.Agent", "src\NRuuviTag.Mqtt.Agent\NRuuviTag.Mqtt.Agent.csproj", "{9DA0E191-7122-4D99-873E-D65A8008FA63}"
EndProject
Project("{9A19103F-16F7-4668-BE54-9A1E7A4F7556}") = "NRuuviTag.Mqtt.Agent.Cli", "src\NRuuviTag.Mqtt.Agent.Cli\NRuuviTag.Mqtt.Agent.Cli.csproj", "{C4320764-7641-4C0B-9FE4-AEDBD883F5F5}"
EndProject
Project("{9A19103F-16F7-4668-BE54-9A1E7A4F7556}") = "NRuuviTag.Mqtt.Agent.Cli.Windows", "src\NRuuviTag.Mqtt.Agent.Cli.Windows\NRuuviTag.Mqtt.Agent.Cli.Windows.csproj", "{894A4E60-C7DB-425A-AD76-A9068F62D6C1}"
EndProject
Project("{9A19103F-16F7-4668-BE54-9A1E7A4F7556}") = "NRuuviTag.Listener.Windows", "src\NRuuviTag.Listener.Windows\NRuuviTag.Listener.Windows.csproj", "{1C416DEC-3C02-4692-B337-A44D06478796}"
EndProject
Global
	GlobalSection(SolutionConfigurationPlatforms) = preSolution
		Debug|Any CPU = Debug|Any CPU
		Release|Any CPU = Release|Any CPU
	EndGlobalSection
	GlobalSection(ProjectConfigurationPlatforms) = postSolution
		{73298459-442C-469E-967B-2A405634502F}.Debug|Any CPU.ActiveCfg = Debug|Any CPU
		{73298459-442C-469E-967B-2A405634502F}.Debug|Any CPU.Build.0 = Debug|Any CPU
		{73298459-442C-469E-967B-2A405634502F}.Release|Any CPU.ActiveCfg = Release|Any CPU
		{73298459-442C-469E-967B-2A405634502F}.Release|Any CPU.Build.0 = Release|Any CPU
		{4C140BF1-73DE-43DE-A2B9-8B50C02B232C}.Debug|Any CPU.ActiveCfg = Debug|Any CPU
		{4C140BF1-73DE-43DE-A2B9-8B50C02B232C}.Debug|Any CPU.Build.0 = Debug|Any CPU
		{4C140BF1-73DE-43DE-A2B9-8B50C02B232C}.Release|Any CPU.ActiveCfg = Release|Any CPU
		{4C140BF1-73DE-43DE-A2B9-8B50C02B232C}.Release|Any CPU.Build.0 = Release|Any CPU
		{41B3B355-60CB-40FF-BC6C-E889D9ED5366}.Debug|Any CPU.ActiveCfg = Debug|Any CPU
		{41B3B355-60CB-40FF-BC6C-E889D9ED5366}.Debug|Any CPU.Build.0 = Debug|Any CPU
		{41B3B355-60CB-40FF-BC6C-E889D9ED5366}.Release|Any CPU.ActiveCfg = Release|Any CPU
		{41B3B355-60CB-40FF-BC6C-E889D9ED5366}.Release|Any CPU.Build.0 = Release|Any CPU
		{D2388E6C-634A-4C1E-8ADC-C70144FBC95E}.Debug|Any CPU.ActiveCfg = Debug|Any CPU
		{D2388E6C-634A-4C1E-8ADC-C70144FBC95E}.Debug|Any CPU.Build.0 = Debug|Any CPU
		{D2388E6C-634A-4C1E-8ADC-C70144FBC95E}.Release|Any CPU.ActiveCfg = Release|Any CPU
		{D2388E6C-634A-4C1E-8ADC-C70144FBC95E}.Release|Any CPU.Build.0 = Release|Any CPU
		{9DA0E191-7122-4D99-873E-D65A8008FA63}.Debug|Any CPU.ActiveCfg = Debug|Any CPU
		{9DA0E191-7122-4D99-873E-D65A8008FA63}.Debug|Any CPU.Build.0 = Debug|Any CPU
		{9DA0E191-7122-4D99-873E-D65A8008FA63}.Release|Any CPU.ActiveCfg = Release|Any CPU
		{9DA0E191-7122-4D99-873E-D65A8008FA63}.Release|Any CPU.Build.0 = Release|Any CPU
		{C4320764-7641-4C0B-9FE4-AEDBD883F5F5}.Debug|Any CPU.ActiveCfg = Debug|Any CPU
		{C4320764-7641-4C0B-9FE4-AEDBD883F5F5}.Debug|Any CPU.Build.0 = Debug|Any CPU
		{C4320764-7641-4C0B-9FE4-AEDBD883F5F5}.Release|Any CPU.ActiveCfg = Release|Any CPU
		{C4320764-7641-4C0B-9FE4-AEDBD883F5F5}.Release|Any CPU.Build.0 = Release|Any CPU
		{894A4E60-C7DB-425A-AD76-A9068F62D6C1}.Debug|Any CPU.ActiveCfg = Debug|Any CPU
		{894A4E60-C7DB-425A-AD76-A9068F62D6C1}.Debug|Any CPU.Build.0 = Debug|Any CPU
		{894A4E60-C7DB-425A-AD76-A9068F62D6C1}.Release|Any CPU.ActiveCfg = Release|Any CPU
		{894A4E60-C7DB-425A-AD76-A9068F62D6C1}.Release|Any CPU.Build.0 = Release|Any CPU
		{1C416DEC-3C02-4692-B337-A44D06478796}.Debug|Any CPU.ActiveCfg = Debug|Any CPU
		{1C416DEC-3C02-4692-B337-A44D06478796}.Debug|Any CPU.Build.0 = Debug|Any CPU
		{1C416DEC-3C02-4692-B337-A44D06478796}.Release|Any CPU.ActiveCfg = Release|Any CPU
		{1C416DEC-3C02-4692-B337-A44D06478796}.Release|Any CPU.Build.0 = Release|Any CPU
	EndGlobalSection
	GlobalSection(SolutionProperties) = preSolution
		HideSolutionNode = FALSE
	EndGlobalSection
	GlobalSection(NestedProjects) = preSolution
		{73298459-442C-469E-967B-2A405634502F} = {10A2813D-C970-4F6F-9A59-94F7C972257F}
		{4C140BF1-73DE-43DE-A2B9-8B50C02B232C} = {9EC81ADF-5CE2-4140-96BC-958CB9E0365C}
		{41B3B355-60CB-40FF-BC6C-E889D9ED5366} = {ADFADB4B-0729-40E6-B241-6E1B89A8731C}
		{D2388E6C-634A-4C1E-8ADC-C70144FBC95E} = {ADFADB4B-0729-40E6-B241-6E1B89A8731C}
		{9DA0E191-7122-4D99-873E-D65A8008FA63} = {10A2813D-C970-4F6F-9A59-94F7C972257F}
		{C4320764-7641-4C0B-9FE4-AEDBD883F5F5} = {10A2813D-C970-4F6F-9A59-94F7C972257F}
		{894A4E60-C7DB-425A-AD76-A9068F62D6C1} = {10A2813D-C970-4F6F-9A59-94F7C972257F}
		{1C416DEC-3C02-4692-B337-A44D06478796} = {10A2813D-C970-4F6F-9A59-94F7C972257F}
	EndGlobalSection
	GlobalSection(ExtensibilityGlobals) = postSolution
		SolutionGuid = {94DF2EE3-033D-46CD-9EC3-7BC808B13372}
	EndGlobalSection
EndGlobal
